
Microsoft Visual Studio Solution File, Format Version 12.00
# Visual Studio Version 17
VisualStudioVersion = 17.2.32630.192
MinimumVisualStudioVersion = 10.0.40219.1
Project("{FAE04EC0-301F-11D3-BF4B-00C04F79EFBC}") = "Csharp-Extension-Methods", "Csharp-Extension-Methods\Csharp-Extension-Methods.csproj", "{210AD107-FDAA-4DFE-975D-2DD77FD6416B}"
EndProject
Project("{FAE04EC0-301F-11D3-BF4B-00C04F79EFBC}") = "MyExtensionsTests", "MyExtensionsTests\MyExtensionsTests.csproj", "{95DE7439-6F25-407E-8D5D-FE942EAE7FD9}"
EndProject
Global
	GlobalSection(SolutionConfigurationPlatforms) = preSolution
		Debug|Any CPU = Debug|Any CPU
		Release|Any CPU = Release|Any CPU
	EndGlobalSection
	GlobalSection(ProjectConfigurationPlatforms) = postSolution
		{210AD107-FDAA-4DFE-975D-2DD77FD6416B}.Debug|Any CPU.ActiveCfg = Debug|Any CPU
		{210AD107-FDAA-4DFE-975D-2DD77FD6416B}.Debug|Any CPU.Build.0 = Debug|Any CPU
		{210AD107-FDAA-4DFE-975D-2DD77FD6416B}.Release|Any CPU.ActiveCfg = Release|Any CPU
		{210AD107-FDAA-4DFE-975D-2DD77FD6416B}.Release|Any CPU.Build.0 = Release|Any CPU
		{95DE7439-6F25-407E-8D5D-FE942EAE7FD9}.Debug|Any CPU.ActiveCfg = Debug|Any CPU
		{95DE7439-6F25-407E-8D5D-FE942EAE7FD9}.Debug|Any CPU.Build.0 = Debug|Any CPU
		{95DE7439-6F25-407E-8D5D-FE942EAE7FD9}.Release|Any CPU.ActiveCfg = Release|Any CPU
		{95DE7439-6F25-407E-8D5D-FE942EAE7FD9}.Release|Any CPU.Build.0 = Release|Any CPU
	EndGlobalSection
	GlobalSection(SolutionProperties) = preSolution
		HideSolutionNode = FALSE
	EndGlobalSection
	GlobalSection(ExtensibilityGlobals) = postSolution
		SolutionGuid = {18CF2C47-37C5-49CC-81B2-92408902CEEF}
	EndGlobalSection
EndGlobal
